PATH
  remote: .
  specs:
    bubble-wrap (1.7.1)

GEM
  remote: https://rubygems.org/
  specs:
    bacon (1.2.0)
    metaclass (0.0.4)
    mocha (0.11.4)
      metaclass (~> 0.0.1)
    mocha-on-bacon (0.2.1)
      mocha (>= 0.9.8)
    rake (10.3.2)
    webstub (1.1.2)

PLATFORMS
  ruby

DEPENDENCIES
  bacon
  bubble-wrap!
  mocha (= 0.11.4)
  mocha-on-bacon
  rake
  webstub
